
Microsoft Visual Studio Solution File, Format Version 12.00
# Visual Studio Version 16
VisualStudioVersion = 16.0.808.4
MinimumVisualStudioVersion = 10.0.40219.1
Project("{FAE04EC0-301F-11D3-BF4B-00C04F79EFBC}") = "IoC", "IoC\IoC.csproj", "{C38D91DD-CF85-472E-A9BB-153EAD4922C9}"
EndProject
Project("{FAE04EC0-301F-11D3-BF4B-00C04F79EFBC}") = "DataAccessLayer", "DataAccessLayer\DataAccessLayer.csproj", "{14B04410-B2F2-48B2-9224-8FDFE840C672}"
EndProject
Project("{FAE04EC0-301F-11D3-BF4B-00C04F79EFBC}") = "Entities", "Entities\Entities.csproj", "{02EA312D-95E5-4435-B4BB-C10844DDA385}"
EndProject
Project("{FAE04EC0-301F-11D3-BF4B-00C04F79EFBC}") = "Interfaces", "Interfaces\Interfaces.csproj", "{99D4E619-0B83-4ECE-8A09-ECC7D0D4051D}"
EndProject
Project("{FAE04EC0-301F-11D3-BF4B-00C04F79EFBC}") = "DataAnderson", "DataAnderson\DataAnderson.csproj", "{F2B7C40A-AA18-488A-8758-5340150F1D93}"
EndProject
Global
	GlobalSection(SolutionConfigurationPlatforms) = preSolution
		Debug|Any CPU = Debug|Any CPU
		Release|Any CPU = Release|Any CPU
	EndGlobalSection
	GlobalSection(ProjectConfigurationPlatforms) = postSolution
		{C38D91DD-CF85-472E-A9BB-153EAD4922C9}.Debug|Any CPU.ActiveCfg = Debug|Any CPU
		{C38D91DD-CF85-472E-A9BB-153EAD4922C9}.Debug|Any CPU.Build.0 = Debug|Any CPU
		{C38D91DD-CF85-472E-A9BB-153EAD4922C9}.Release|Any CPU.ActiveCfg = Release|Any CPU
		{C38D91DD-CF85-472E-A9BB-153EAD4922C9}.Release|Any CPU.Build.0 = Release|Any CPU
		{14B04410-B2F2-48B2-9224-8FDFE840C672}.Debug|Any CPU.ActiveCfg = Debug|Any CPU
		{14B04410-B2F2-48B2-9224-8FDFE840C672}.Debug|Any CPU.Build.0 = Debug|Any CPU
		{14B04410-B2F2-48B2-9224-8FDFE840C672}.Release|Any CPU.ActiveCfg = Release|Any CPU
		{14B04410-B2F2-48B2-9224-8FDFE840C672}.Release|Any CPU.Build.0 = Release|Any CPU
		{02EA312D-95E5-4435-B4BB-C10844DDA385}.Debug|Any CPU.ActiveCfg = Debug|Any CPU
		{02EA312D-95E5-4435-B4BB-C10844DDA385}.Debug|Any CPU.Build.0 = Debug|Any CPU
		{02EA312D-95E5-4435-B4BB-C10844DDA385}.Release|Any CPU.ActiveCfg = Release|Any CPU
		{02EA312D-95E5-4435-B4BB-C10844DDA385}.Release|Any CPU.Build.0 = Release|Any CPU
		{99D4E619-0B83-4ECE-8A09-ECC7D0D4051D}.Debug|Any CPU.ActiveCfg = Debug|Any CPU
		{99D4E619-0B83-4ECE-8A09-ECC7D0D4051D}.Debug|Any CPU.Build.0 = Debug|Any CPU
		{99D4E619-0B83-4ECE-8A09-ECC7D0D4051D}.Release|Any CPU.ActiveCfg = Release|Any CPU
		{99D4E619-0B83-4ECE-8A09-ECC7D0D4051D}.Release|Any CPU.Build.0 = Release|Any CPU
		{F2B7C40A-AA18-488A-8758-5340150F1D93}.Debug|Any CPU.ActiveCfg = Debug|Any CPU
		{F2B7C40A-AA18-488A-8758-5340150F1D93}.Debug|Any CPU.Build.0 = Debug|Any CPU
		{F2B7C40A-AA18-488A-8758-5340150F1D93}.Release|Any CPU.ActiveCfg = Release|Any CPU
		{F2B7C40A-AA18-488A-8758-5340150F1D93}.Release|Any CPU.Build.0 = Release|Any CPU
	EndGlobalSection
	GlobalSection(SolutionProperties) = preSolution
		HideSolutionNode = FALSE
	EndGlobalSection
	GlobalSection(ExtensibilityGlobals) = postSolution
		SolutionGuid = {956FCD5F-D352-4F3C-B2F8-E98533D50DE4}
	EndGlobalSection
EndGlobal
