
Microsoft Visual Studio Solution File, Format Version 12.00
# Visual Studio Version 16
VisualStudioVersion = 16.0.808.3
MinimumVisualStudioVersion = 10.0.40219.1
Project("{FAE04EC0-301F-11D3-BF4B-00C04F79EFBC}") = "MatematicaOSX", "MatematicaOSX\MatematicaOSX.csproj", "{BB373C0A-F640-4B6F-83EC-0ABD8A4FEE4D}"
EndProject
Global
	GlobalSection(SolutionConfigurationPlatforms) = preSolution
		Debug|Any CPU = Debug|Any CPU
		Release|Any CPU = Release|Any CPU
	EndGlobalSection
	GlobalSection(ProjectConfigurationPlatforms) = postSolution
		{BB373C0A-F640-4B6F-83EC-0ABD8A4FEE4D}.Debug|Any CPU.ActiveCfg = Debug|Any CPU
		{BB373C0A-F640-4B6F-83EC-0ABD8A4FEE4D}.Debug|Any CPU.Build.0 = Debug|Any CPU
		{BB373C0A-F640-4B6F-83EC-0ABD8A4FEE4D}.Release|Any CPU.ActiveCfg = Release|Any CPU
		{BB373C0A-F640-4B6F-83EC-0ABD8A4FEE4D}.Release|Any CPU.Build.0 = Release|Any CPU
	EndGlobalSection
	GlobalSection(SolutionProperties) = preSolution
		HideSolutionNode = FALSE
	EndGlobalSection
	GlobalSection(ExtensibilityGlobals) = postSolution
		SolutionGuid = {84E25E92-5032-41D6-971C-B2105032B9F4}
	EndGlobalSection
EndGlobal
