
Microsoft Visual Studio Solution File, Format Version 12.00
# Visual Studio Version 16
VisualStudioVersion = 16.0.808.4
MinimumVisualStudioVersion = 10.0.40219.1
Project("{FAE04EC0-301F-11D3-BF4B-00C04F79EFBC}") = "SRP_TAREA01APPCONSOLA_2021", "SRP_TAREA01APPCONSOLA_2021\SRP_TAREA01APPCONSOLA_2021.csproj", "{9F09441A-FBAF-4721-8FBC-A5B7478F337B}"
EndProject
Global
	GlobalSection(SolutionConfigurationPlatforms) = preSolution
		Debug|Any CPU = Debug|Any CPU
		Release|Any CPU = Release|Any CPU
	EndGlobalSection
	GlobalSection(ProjectConfigurationPlatforms) = postSolution
		{9F09441A-FBAF-4721-8FBC-A5B7478F337B}.Debug|Any CPU.ActiveCfg = Debug|Any CPU
		{9F09441A-FBAF-4721-8FBC-A5B7478F337B}.Debug|Any CPU.Build.0 = Debug|Any CPU
		{9F09441A-FBAF-4721-8FBC-A5B7478F337B}.Release|Any CPU.ActiveCfg = Release|Any CPU
		{9F09441A-FBAF-4721-8FBC-A5B7478F337B}.Release|Any CPU.Build.0 = Release|Any CPU
	EndGlobalSection
	GlobalSection(SolutionProperties) = preSolution
		HideSolutionNode = FALSE
	EndGlobalSection
	GlobalSection(ExtensibilityGlobals) = postSolution
		SolutionGuid = {48147A23-1C1C-45B3-B43D-70B1EE4818A1}
	EndGlobalSection
EndGlobal
