
Microsoft Visual Studio Solution File, Format Version 12.00
# Visual Studio Version 16
VisualStudioVersion = 16.0.808.5
MinimumVisualStudioVersion = 10.0.40219.1
Project("{FAE04EC0-301F-11D3-BF4B-00C04F79EFBC}") = "MockStub", "MockStub\MockStub.csproj", "{5DD45F77-4DD7-4C7A-8DD3-5E9857C0AD92}"
EndProject
Project("{FAE04EC0-301F-11D3-BF4B-00C04F79EFBC}") = "JustMockRefactorizacion", "JustMockRefactorizacion\JustMockRefactorizacion.csproj", "{BCF9CD82-6A73-4563-B662-FABC5CFCE56C}"
EndProject
Global
	GlobalSection(SolutionConfigurationPlatforms) = preSolution
		Debug|Any CPU = Debug|Any CPU
		Release|Any CPU = Release|Any CPU
	EndGlobalSection
	GlobalSection(ProjectConfigurationPlatforms) = postSolution
		{5DD45F77-4DD7-4C7A-8DD3-5E9857C0AD92}.Debug|Any CPU.ActiveCfg = Debug|Any CPU
		{5DD45F77-4DD7-4C7A-8DD3-5E9857C0AD92}.Debug|Any CPU.Build.0 = Debug|Any CPU
		{5DD45F77-4DD7-4C7A-8DD3-5E9857C0AD92}.Release|Any CPU.ActiveCfg = Release|Any CPU
		{5DD45F77-4DD7-4C7A-8DD3-5E9857C0AD92}.Release|Any CPU.Build.0 = Release|Any CPU
		{BCF9CD82-6A73-4563-B662-FABC5CFCE56C}.Debug|Any CPU.ActiveCfg = Debug|Any CPU
		{BCF9CD82-6A73-4563-B662-FABC5CFCE56C}.Debug|Any CPU.Build.0 = Debug|Any CPU
		{BCF9CD82-6A73-4563-B662-FABC5CFCE56C}.Release|Any CPU.ActiveCfg = Release|Any CPU
		{BCF9CD82-6A73-4563-B662-FABC5CFCE56C}.Release|Any CPU.Build.0 = Release|Any CPU
	EndGlobalSection
	GlobalSection(SolutionProperties) = preSolution
		HideSolutionNode = FALSE
	EndGlobalSection
	GlobalSection(ExtensibilityGlobals) = postSolution
		SolutionGuid = {F915AB04-5BBB-42AA-92C5-DB7C52B655D9}
	EndGlobalSection
EndGlobal
