
Microsoft Visual Studio Solution File, Format Version 12.00
# Visual Studio Version 16
VisualStudioVersion = 16.0.808.4
MinimumVisualStudioVersion = 10.0.40219.1
Project("{FAE04EC0-301F-11D3-BF4B-00C04F79EFBC}") = "SRPejemplos", "SRPejemplos\SRPejemplos.csproj", "{876C63EC-7476-41BF-ADB1-367C57932C2E}"
EndProject
Global
	GlobalSection(SolutionConfigurationPlatforms) = preSolution
		Debug|Any CPU = Debug|Any CPU
		Release|Any CPU = Release|Any CPU
	EndGlobalSection
	GlobalSection(ProjectConfigurationPlatforms) = postSolution
		{876C63EC-7476-41BF-ADB1-367C57932C2E}.Debug|Any CPU.ActiveCfg = Debug|Any CPU
		{876C63EC-7476-41BF-ADB1-367C57932C2E}.Debug|Any CPU.Build.0 = Debug|Any CPU
		{876C63EC-7476-41BF-ADB1-367C57932C2E}.Release|Any CPU.ActiveCfg = Release|Any CPU
		{876C63EC-7476-41BF-ADB1-367C57932C2E}.Release|Any CPU.Build.0 = Release|Any CPU
	EndGlobalSection
	GlobalSection(SolutionProperties) = preSolution
		HideSolutionNode = FALSE
	EndGlobalSection
	GlobalSection(ExtensibilityGlobals) = postSolution
		SolutionGuid = {A6038B21-34AC-482A-92D9-08D6C5AAB587}
	EndGlobalSection
EndGlobal
