
Microsoft Visual Studio Solution File, Format Version 12.00
# Visual Studio Version 16
VisualStudioVersion = 16.0.808.5
MinimumVisualStudioVersion = 10.0.40219.1
Project("{FAE04EC0-301F-11D3-BF4B-00C04F79EFBC}") = "RectanguloTest", "RectanguloTest.csproj", "{8DC669BB-01B6-4384-B105-1BA2406F9368}"
EndProject
Global
	GlobalSection(SolutionConfigurationPlatforms) = preSolution
		Debug|Any CPU = Debug|Any CPU
		Release|Any CPU = Release|Any CPU
	EndGlobalSection
	GlobalSection(ProjectConfigurationPlatforms) = postSolution
		{8DC669BB-01B6-4384-B105-1BA2406F9368}.Debug|Any CPU.ActiveCfg = Debug|Any CPU
		{8DC669BB-01B6-4384-B105-1BA2406F9368}.Debug|Any CPU.Build.0 = Debug|Any CPU
		{8DC669BB-01B6-4384-B105-1BA2406F9368}.Release|Any CPU.ActiveCfg = Release|Any CPU
		{8DC669BB-01B6-4384-B105-1BA2406F9368}.Release|Any CPU.Build.0 = Release|Any CPU
	EndGlobalSection
	GlobalSection(SolutionProperties) = preSolution
		HideSolutionNode = FALSE
	EndGlobalSection
	GlobalSection(ExtensibilityGlobals) = postSolution
		SolutionGuid = {50C76FAA-DC0D-42C0-AE3A-D86FDDAB0FFA}
	EndGlobalSection
EndGlobal
