
Microsoft Visual Studio Solution File, Format Version 12.00
# Visual Studio Version 16
VisualStudioVersion = 16.0.808.4
MinimumVisualStudioVersion = 10.0.40219.1
Project("{FAE04EC0-301F-11D3-BF4B-00C04F79EFBC}") = "OCP", "OCP\OCP.csproj", "{A77896E6-1CA1-412E-BC57-E1D2E00D9A96}"
EndProject
Project("{FAE04EC0-301F-11D3-BF4B-00C04F79EFBC}") = "OCPTerminal", "OCPTerminal\OCPTerminal.csproj", "{D92DAEE1-675F-4103-9E3B-11FCFC75C06C}"
EndProject
Global
	GlobalSection(SolutionConfigurationPlatforms) = preSolution
		Debug|Any CPU = Debug|Any CPU
		Release|Any CPU = Release|Any CPU
	EndGlobalSection
	GlobalSection(ProjectConfigurationPlatforms) = postSolution
		{A77896E6-1CA1-412E-BC57-E1D2E00D9A96}.Debug|Any CPU.ActiveCfg = Debug|Any CPU
		{A77896E6-1CA1-412E-BC57-E1D2E00D9A96}.Debug|Any CPU.Build.0 = Debug|Any CPU
		{A77896E6-1CA1-412E-BC57-E1D2E00D9A96}.Release|Any CPU.ActiveCfg = Release|Any CPU
		{A77896E6-1CA1-412E-BC57-E1D2E00D9A96}.Release|Any CPU.Build.0 = Release|Any CPU
		{D92DAEE1-675F-4103-9E3B-11FCFC75C06C}.Debug|Any CPU.ActiveCfg = Debug|Any CPU
		{D92DAEE1-675F-4103-9E3B-11FCFC75C06C}.Debug|Any CPU.Build.0 = Debug|Any CPU
		{D92DAEE1-675F-4103-9E3B-11FCFC75C06C}.Release|Any CPU.ActiveCfg = Release|Any CPU
		{D92DAEE1-675F-4103-9E3B-11FCFC75C06C}.Release|Any CPU.Build.0 = Release|Any CPU
	EndGlobalSection
	GlobalSection(SolutionProperties) = preSolution
		HideSolutionNode = FALSE
	EndGlobalSection
	GlobalSection(ExtensibilityGlobals) = postSolution
		SolutionGuid = {80D84618-AC08-4323-8DE4-B72B7B00DF87}
	EndGlobalSection
EndGlobal
