
Microsoft Visual Studio Solution File, Format Version 12.00
# Visual Studio Version 16
VisualStudioVersion = 16.0.808.6
MinimumVisualStudioVersion = 10.0.40219.1
Project("{FAE04EC0-301F-11D3-BF4B-00C04F79EFBC}") = "MyFavouriteAPI", "MyFavouriteAPI\MyFavouriteAPI.csproj", "{5C2CC3E1-1ED9-4437-A62C-DF8D80D39766}"
EndProject
Project("{FAE04EC0-301F-11D3-BF4B-00C04F79EFBC}") = "PRRUEBA", "PRRUEBA\PRRUEBA.csproj", "{009716D0-D72E-4314-B2F9-387CA766475B}"
EndProject
Global
	GlobalSection(SolutionConfigurationPlatforms) = preSolution
		Debug|Any CPU = Debug|Any CPU
		Release|Any CPU = Release|Any CPU
	EndGlobalSection
	GlobalSection(ProjectConfigurationPlatforms) = postSolution
		{5C2CC3E1-1ED9-4437-A62C-DF8D80D39766}.Debug|Any CPU.ActiveCfg = Debug|Any CPU
		{5C2CC3E1-1ED9-4437-A62C-DF8D80D39766}.Debug|Any CPU.Build.0 = Debug|Any CPU
		{5C2CC3E1-1ED9-4437-A62C-DF8D80D39766}.Release|Any CPU.ActiveCfg = Release|Any CPU
		{5C2CC3E1-1ED9-4437-A62C-DF8D80D39766}.Release|Any CPU.Build.0 = Release|Any CPU
		{009716D0-D72E-4314-B2F9-387CA766475B}.Debug|Any CPU.ActiveCfg = Debug|Any CPU
		{009716D0-D72E-4314-B2F9-387CA766475B}.Debug|Any CPU.Build.0 = Debug|Any CPU
		{009716D0-D72E-4314-B2F9-387CA766475B}.Release|Any CPU.ActiveCfg = Release|Any CPU
		{009716D0-D72E-4314-B2F9-387CA766475B}.Release|Any CPU.Build.0 = Release|Any CPU
	EndGlobalSection
	GlobalSection(SolutionProperties) = preSolution
		HideSolutionNode = FALSE
	EndGlobalSection
	GlobalSection(ExtensibilityGlobals) = postSolution
		SolutionGuid = {18D7FCAD-09A0-4EDD-9651-7D3DD2186E07}
	EndGlobalSection
EndGlobal
